
Microsoft Visual Studio Solution File, Format Version 12.00
# Visual Studio 15
VisualStudioVersion = 15.0.28307.852
MinimumVisualStudioVersion = 10.0.40219.1
Project("{8BC9CEB8-8B4A-11D0-8D11-00A0C91BC942}") = "Project4", "Project4\Project4.vcxproj", "{23EBB942-A6D6-4C6A-BD38-7397F98819CE}"
EndProject
Global
	GlobalSection(SolutionConfigurationPlatforms) = preSolution
		Debug|x64 = Debug|x64
		Debug|x86 = Debug|x86
		Release|x64 = Release|x64
		Release|x86 = Release|x86
	EndGlobalSection
	GlobalSection(ProjectConfigurationPlatforms) = postSolution
		{23EBB942-A6D6-4C6A-BD38-7397F98819CE}.Debug|x64.ActiveCfg = Debug|x64
		{23EBB942-A6D6-4C6A-BD38-7397F98819CE}.Debug|x64.Build.0 = Debug|x64
		{23EBB942-A6D6-4C6A-BD38-7397F98819CE}.Debug|x86.ActiveCfg = Debug|Win32
		{23EBB942-A6D6-4C6A-BD38-7397F98819CE}.Debug|x86.Build.0 = Debug|Win32
		{23EBB942-A6D6-4C6A-BD38-7397F98819CE}.Release|x64.ActiveCfg = Release|x64
		{23EBB942-A6D6-4C6A-BD38-7397F98819CE}.Release|x64.Build.0 = Release|x64
		{23EBB942-A6D6-4C6A-BD38-7397F98819CE}.Release|x86.ActiveCfg = Release|Win32
		{23EBB942-A6D6-4C6A-BD38-7397F98819CE}.Release|x86.Build.0 = Release|Win32
	EndGlobalSection
	GlobalSection(SolutionProperties) = preSolution
		HideSolutionNode = FALSE
	EndGlobalSection
	GlobalSection(ExtensibilityGlobals) = postSolution
		SolutionGuid = {01CEFA54-1943-45C8-A96D-D33F7C2427CF}
	EndGlobalSection
EndGlobal
